
Microsoft Visual Studio Solution File, Format Version 12.00
# Visual Studio 15
VisualStudioVersion = 15.0.28307.645
MinimumVisualStudioVersion = 10.0.40219.1
Project("{FAE04EC0-301F-11D3-BF4B-00C04F79EFBC}") = "Domain.DataAccess", "Domain.DataAccess\Domain.DataAccess.csproj", "{4679206B-5AD8-42C5-AE11-87CF344CF973}"
EndProject
Global
	GlobalSection(SolutionConfigurationPlatforms) = preSolution
		Debug|Any CPU = Debug|Any CPU
		Release|Any CPU = Release|Any CPU
	EndGlobalSection
	GlobalSection(ProjectConfigurationPlatforms) = postSolution
		{4679206B-5AD8-42C5-AE11-87CF344CF973}.Debug|Any CPU.ActiveCfg = Debug|Any CPU
		{4679206B-5AD8-42C5-AE11-87CF344CF973}.Debug|Any CPU.Build.0 = Debug|Any CPU
		{4679206B-5AD8-42C5-AE11-87CF344CF973}.Release|Any CPU.ActiveCfg = Release|Any CPU
		{4679206B-5AD8-42C5-AE11-87CF344CF973}.Release|Any CPU.Build.0 = Release|Any CPU
	EndGlobalSection
	GlobalSection(SolutionProperties) = preSolution
		HideSolutionNode = FALSE
	EndGlobalSection
	GlobalSection(ExtensibilityGlobals) = postSolution
		SolutionGuid = {FEC4B861-46C5-4788-A8C3-CF470E5F5CCD}
	EndGlobalSection
EndGlobal
